
Microsoft Visual Studio Solution File, Format Version 12.00
# Visual Studio Version 16
VisualStudioVersion = 16.0.29001.49
MinimumVisualStudioVersion = 10.0.40219.1
Project("{9A19103F-16F7-4668-BE54-9A1E7A4F7556}") = "SeleniumProject", "SeleniumProject\SeleniumProject.csproj", "{C18D25B0-57D6-42F3-A0FD-80935DBB0B03}"
EndProject
Project("{FAE04EC0-301F-11D3-BF4B-00C04F79EFBC}") = "SeleniumProject.BLL", "SeleniumProject.BLL\SeleniumProject.BLL.csproj", "{11C69A94-D776-4F51-9FF0-3C01E02AF581}"
EndProject
Global
	GlobalSection(SolutionConfigurationPlatforms) = preSolution
		Debug|Any CPU = Debug|Any CPU
		Release|Any CPU = Release|Any CPU
	EndGlobalSection
	GlobalSection(ProjectConfigurationPlatforms) = postSolution
		{C18D25B0-57D6-42F3-A0FD-80935DBB0B03}.Debug|Any CPU.ActiveCfg = Debug|Any CPU
		{C18D25B0-57D6-42F3-A0FD-80935DBB0B03}.Debug|Any CPU.Build.0 = Debug|Any CPU
		{C18D25B0-57D6-42F3-A0FD-80935DBB0B03}.Release|Any CPU.ActiveCfg = Release|Any CPU
		{C18D25B0-57D6-42F3-A0FD-80935DBB0B03}.Release|Any CPU.Build.0 = Release|Any CPU
		{11C69A94-D776-4F51-9FF0-3C01E02AF581}.Debug|Any CPU.ActiveCfg = Debug|Any CPU
		{11C69A94-D776-4F51-9FF0-3C01E02AF581}.Debug|Any CPU.Build.0 = Debug|Any CPU
		{11C69A94-D776-4F51-9FF0-3C01E02AF581}.Release|Any CPU.ActiveCfg = Release|Any CPU
		{11C69A94-D776-4F51-9FF0-3C01E02AF581}.Release|Any CPU.Build.0 = Release|Any CPU
	EndGlobalSection
	GlobalSection(SolutionProperties) = preSolution
		HideSolutionNode = FALSE
	EndGlobalSection
	GlobalSection(ExtensibilityGlobals) = postSolution
		SolutionGuid = {F2E80201-D550-4C89-8235-C13DC59ECFD8}
	EndGlobalSection
EndGlobal
